{
  "version": 1,
  "dependencies": {
    "net10.0": {
      "Microsoft.AspNetCore.App.Internal.Assets": {
        "type": "Direct",
        "requested": "[10.0.3, )",
        "resolved": "10.0.3",
        "contentHash": "mr3Zn+ht8lijYvlMIasftw9opU9hsLKDdnOgQMmYI3RjWPJLOF9l8+YHDseRkTs97wOrULmJgo/NDCmzL/EGDg=="
      },
      "MudBlazor": {
        "type": "Direct",
        "requested": "[8.15.0, )",
        "resolved": "8.15.0",
        "contentHash": "iOJEnQ6tYGQPfPJaUazyC8H6pcczgaMX7vhUzrJPpB0WqEXNozwMfSzoOe2/JZmVWJcUfYZgKBeBU2Z27XY7Sw=="
      },
      "servicedesklite.application": {
        "type": "Project",
        "dependencies": {
          "ServiceDeskLite.Domain": "[1.0.0, )"
        }
      },
      "servicedesklite.contracts": {
        "type": "Project"
      },
      "servicedesklite.domain": {
        "type": "Project"
      }
    }
  }
}