{
  "version": 1,
  "dependencies": {
    "net10.0": {
      "Microsoft.AspNetCore.App.Internal.Assets": {
        "type": "Direct",
        "requested": "[10.0.9, )",
        "resolved": "10.0.9",
        "contentHash": "E9Wp/LPKAYkGOVBv4lt5U5TnUA/7pov7QZAwF3eI64kK8AAXqkPDwuadEOwpL1WXEfgecYm0fccluvABp32D8g=="
      },
      "MudBlazor": {
        "type": "Direct",
        "requested": "[8.15.0, )",
        "resolved": "8.15.0",
        "contentHash": "iOJEnQ6tYGQPfPJaUazyC8H6pcczgaMX7vhUzrJPpB0WqEXNozwMfSzoOe2/JZmVWJcUfYZgKBeBU2Z27XY7Sw=="
      },
      "servicedesklite.contracts": {
        "type": "Project"
      }
    }
  }
}